// !$*UTF8*$!
{
	archiveVersion = 1;
	classes = {
	};
	objectVersion = 50;
	objects = {

/* Begin PBXBuildFile section */
		3E2902C6244A263800EF3654 /* AppDelegate.swift in Sources */ = {isa = PBXBuildFile; fileRef = 3E2902C5244A263800EF3654 /* AppDelegate.swift */; };
		3E2902C8244A263800EF3654 /* SceneDelegate.swift in Sources */ = {isa = PBXBuildFile; fileRef = 3E2902C7244A263800EF3654 /* SceneDelegate.swift */; };
		3E2902CA244A263900EF3654 /* ViewController.swift in Sources */ = {isa = PBXBuildFile; fileRef = 3E2902C9244A263900EF3654 /* ViewController.swift */; };
		3E2902CD244A263900EF3654 /* Main.storyboard in Resources */ = {isa = PBXBuildFile; fileRef = 3E2902CB244A263900EF3654 /* Main.storyboard */; };
		3E2902D0244A263900EF3654 /* TextFieldProject.xcdatamodeld in Sources */ = {isa = PBXBuildFile; fileRef = 3E2902CE244A263900EF3654 /* TextFieldProject.xcdatamodeld */; };
		3E2902D2244A263C00EF3654 /* Assets.xcassets in Resources */ = {isa = PBXBuildFile; fileRef = 3E2902D1244A263C00EF3654 /* Assets.xcassets */; };
		3E2902D5244A263C00EF3654 /* LaunchScreen.storyboard in Resources */ = {isa = PBXBuildFile; fileRef = 3E2902D3244A263C00EF3654 /* LaunchScreen.storyboard */; };
		3E2902E0244A263C00EF3654 /* TextFieldProjectTests.swift in Sources */ = {isa = PBXBuildFile; fileRef = 3E2902DF244A263C00EF3654 /* TextFieldProjectTests.swift */; };
		3E2902EB244A263D00EF3654 /* TextFieldProjectUITests.swift in Sources */ = {isa = PBXBuildFile; fileRef = 3E2902EA244A263D00EF3654 /* TextFieldProjectUITests.swift */; };
		3E2902FA244B7C6A00EF3654 /* CustomInputTextField.swift in Sources */ = {isa = PBXBuildFile; fileRef = 3E2902F9244B7C6A00EF3654 /* CustomInputTextField.swift */; };
		3E2902FC244B985400EF3654 /* TextFieldType.swift in Sources */ = {isa = PBXBuildFile; fileRef = 3E2902FB244B985400EF3654 /* TextFieldType.swift */; };
		3E2902FE244B9C5D00EF3654 /* Currency.swift in Sources */ = {isa = PBXBuildFile; fileRef = 3E2902FD244B9C5D00EF3654 /* Currency.swift */; };
		3E290300244B9CE900EF3654 /* Percentage.swift in Sources */ = {isa = PBXBuildFile; fileRef = 3E2902FF244B9CE900EF3654 /* Percentage.swift */; };
		3E290302244B9D3200EF3654 /* Email.swift in Sources */ = {isa = PBXBuildFile; fileRef = 3E290301244B9D3200EF3654 /* Email.swift */; };
		3E290304244B9D7400EF3654 /* Password.swift in Sources */ = {isa = PBXBuildFile; fileRef = 3E290303244B9D7400EF3654 /* Password.swift */; };
		3E290308244B9FAC00EF3654 /* Currencies.swift in Sources */ = {isa = PBXBuildFile; fileRef = 3E290307244B9FAC00EF3654 /* Currencies.swift */; };
		3E29030A244C186000EF3654 /* CurrenciesProtocol.swift in Sources */ = {isa = PBXBuildFile; fileRef = 3E290309244C186000EF3654 /* CurrenciesProtocol.swift */; };
		3E29030C244C500A00EF3654 /* CustomNumberFormatter.swift in Sources */ = {isa = PBXBuildFile; fileRef = 3E29030B244C500A00EF3654 /* CustomNumberFormatter.swift */; };
		3E9355E7244D4F8700F70D93 /* usdCurrencyTest.swift in Sources */ = {isa = PBXBuildFile; fileRef = 3E9355E6244D4F8700F70D93 /* usdCurrencyTest.swift */; };
/* End PBXBuildFile section */

/* Begin PBXContainerItemProxy section */
		3E2902DC244A263C00EF3654 /* PBXContainerItemProxy */ = {
			isa = PBXContainerItemProxy;
			containerPortal = 3E2902BA244A263800EF3654 /* Project object */;
			proxyType = 1;
			remoteGlobalIDString = 3E2902C1244A263800EF3654;
			remoteInfo = TextFieldProject;
		};
		3E2902E7244A263D00EF3654 /* PBXContainerItemProxy */ = {
			isa = PBXContainerItemProxy;
			containerPortal = 3E2902BA244A263800EF3654 /* Project object */;
			proxyType = 1;
			remoteGlobalIDString = 3E2902C1244A263800EF3654;
			remoteInfo = TextFieldProject;
		};
/* End PBXContainerItemProxy section */

/* Begin PBXFileReference section */
		3E2902C2244A263800EF3654 /* TextFieldProject.app */ = {isa = PBXFileReference; explicitFileType = wrapper.application; includeInIndex = 0; path = TextFieldProject.app; sourceTree = BUILT_PRODUCTS_DIR; };
		3E2902C5244A263800EF3654 /* AppDelegate.swift */ = {isa = PBXFileReference; lastKnownFileType = sourcecode.swift; path = AppDelegate.swift; sourceTree = "<group>"; };
		3E2902C7244A263800EF3654 /* SceneDelegate.swift */ = {isa = PBXFileReference; lastKnownFileType = sourcecode.swift; path = SceneDelegate.swift; sourceTree = "<group>"; };
		3E2902C9244A263900EF3654 /* ViewController.swift */ = {isa = PBXFileReference; lastKnownFileType = sourcecode.swift; path = ViewController.swift; sourceTree = "<group>"; };
		3E2902CC244A263900EF3654 /* Base */ = {isa = PBXFileReference; lastKnownFileType = file.storyboard; name = Base; path = Base.lproj/Main.storyboard; sourceTree = "<group>"; };
		3E2902CF244A263900EF3654 /* TextFieldProject.xcdatamodel */ = {isa = PBXFileReference; lastKnownFileType = wrapper.xcdatamodel; path = TextFieldProject.xcdatamodel; sourceTree = "<group>"; };
		3E2902D1244A263C00EF3654 /* Assets.xcassets */ = {isa = PBXFileReference; lastKnownFileType = folder.assetcatalog; path = Assets.xcassets; sourceTree = "<group>"; };
		3E2902D4244A263C00EF3654 /* Base */ = {isa = PBXFileReference; lastKnownFileType = file.storyboard; name = Base; path = Base.lproj/LaunchScreen.storyboard; sourceTree = "<group>"; };
		3E2902D6244A263C00EF3654 /* Info.plist */ = {isa = PBXFileReference; lastKnownFileType = text.plist.xml; path = Info.plist; sourceTree = "<group>"; };
		3E2902DB244A263C00EF3654 /* TextFieldProjectTests.xctest */ = {isa = PBXFileReference; explicitFileType = wrapper.cfbundle; includeInIndex = 0; path = TextFieldProjectTests.xctest; sourceTree = BUILT_PRODUCTS_DIR; };
		3E2902DF244A263C00EF3654 /* TextFieldProjectTests.swift */ = {isa = PBXFileReference; lastKnownFileType = sourcecode.swift; path = TextFieldProjectTests.swift; sourceTree = "<group>"; };
		3E2902E1244A263C00EF3654 /* Info.plist */ = {isa = PBXFileReference; lastKnownFileType = text.plist.xml; path = Info.plist; sourceTree = "<group>"; };
		3E2902E6244A263D00EF3654 /* TextFieldProjectUITests.xctest */ = {isa = PBXFileReference; explicitFileType = wrapper.cfbundle; includeInIndex = 0; path = TextFieldProjectUITests.xctest; sourceTree = BUILT_PRODUCTS_DIR; };
		3E2902EA244A263D00EF3654 /* TextFieldProjectUITests.swift */ = {isa = PBXFileReference; lastKnownFileType = sourcecode.swift; path = TextFieldProjectUITests.swift; sourceTree = "<group>"; };
		3E2902EC244A263D00EF3654 /* Info.plist */ = {isa = PBXFileReference; lastKnownFileType = text.plist.xml; path = Info.plist; sourceTree = "<group>"; };
		3E2902F9244B7C6A00EF3654 /* CustomInputTextField.swift */ = {isa = PBXFileReference; lastKnownFileType = sourcecode.swift; path = CustomInputTextField.swift; sourceTree = "<group>"; };
		3E2902FB244B985400EF3654 /* TextFieldType.swift */ = {isa = PBXFileReference; lastKnownFileType = sourcecode.swift; path = TextFieldType.swift; sourceTree = "<group>"; };
		3E2902FD244B9C5D00EF3654 /* Currency.swift */ = {isa = PBXFileReference; lastKnownFileType = sourcecode.swift; path = Currency.swift; sourceTree = "<group>"; };
		3E2902FF244B9CE900EF3654 /* Percentage.swift */ = {isa = PBXFileReference; lastKnownFileType = sourcecode.swift; path = Percentage.swift; sourceTree = "<group>"; };
		3E290301244B9D3200EF3654 /* Email.swift */ = {isa = PBXFileReference; lastKnownFileType = sourcecode.swift; path = Email.swift; sourceTree = "<group>"; };
		3E290303244B9D7400EF3654 /* Password.swift */ = {isa = PBXFileReference; lastKnownFileType = sourcecode.swift; path = Password.swift; sourceTree = "<group>"; };
		3E290307244B9FAC00EF3654 /* Currencies.swift */ = {isa = PBXFileReference; lastKnownFileType = sourcecode.swift; path = Currencies.swift; sourceTree = "<group>"; };
		3E290309244C186000EF3654 /* CurrenciesProtocol.swift */ = {isa = PBXFileReference; lastKnownFileType = sourcecode.swift; path = CurrenciesProtocol.swift; sourceTree = "<group>"; };
		3E29030B244C500A00EF3654 /* CustomNumberFormatter.swift */ = {isa = PBXFileReference; lastKnownFileType = sourcecode.swift; path = CustomNumberFormatter.swift; sourceTree = "<group>"; };
		3E9355E6244D4F8700F70D93 /* usdCurrencyTest.swift */ = {isa = PBXFileReference; lastKnownFileType = sourcecode.swift; path = usdCurrencyTest.swift; sourceTree = "<group>"; };
/* End PBXFileReference section */

/* Begin PBXFrameworksBuildPhase section */
		3E2902BF244A263800EF3654 /* Frameworks */ = {
			isa = PBXFrameworksBuildPhase;
			buildActionMask = 2147483647;
			files = (
			);
			runOnlyForDeploymentPostprocessing = 0;
		};
		3E2902D8244A263C00EF3654 /* Frameworks */ = {
			isa = PBXFrameworksBuildPhase;
			buildActionMask = 2147483647;
			files = (
			);
			runOnlyForDeploymentPostprocessing = 0;
		};
		3E2902E3244A263D00EF3654 /* Frameworks */ = {
			isa = PBXFrameworksBuildPhase;
			buildActionMask = 2147483647;
			files = (
			);
			runOnlyForDeploymentPostprocessing = 0;
		};
/* End PBXFrameworksBuildPhase section */

/* Begin PBXGroup section */
		3E2902B9244A263800EF3654 = {
			isa = PBXGroup;
			children = (
				3E2902C4244A263800EF3654 /* TextFieldProject */,
				3E2902DE244A263C00EF3654 /* TextFieldProjectTests */,
				3E2902E9244A263D00EF3654 /* TextFieldProjectUITests */,
				3E2902C3244A263800EF3654 /* Products */,
			);
			sourceTree = "<group>";
		};
		3E2902C3244A263800EF3654 /* Products */ = {
			isa = PBXGroup;
			children = (
				3E2902C2244A263800EF3654 /* TextFieldProject.app */,
				3E2902DB244A263C00EF3654 /* TextFieldProjectTests.xctest */,
				3E2902E6244A263D00EF3654 /* TextFieldProjectUITests.xctest */,
			);
			name = Products;
			sourceTree = "<group>";
		};
		3E2902C4244A263800EF3654 /* TextFieldProject */ = {
			isa = PBXGroup;
			children = (
				3E2902F8244B7C3A00EF3654 /* TextField */,
				3E2902C5244A263800EF3654 /* AppDelegate.swift */,
				3E2902C7244A263800EF3654 /* SceneDelegate.swift */,
				3E2902C9244A263900EF3654 /* ViewController.swift */,
				3E2902CB244A263900EF3654 /* Main.storyboard */,
				3E2902D1244A263C00EF3654 /* Assets.xcassets */,
				3E2902D3244A263C00EF3654 /* LaunchScreen.storyboard */,
				3E2902D6244A263C00EF3654 /* Info.plist */,
				3E2902CE244A263900EF3654 /* TextFieldProject.xcdatamodeld */,
			);
			path = TextFieldProject;
			sourceTree = "<group>";
		};
		3E2902DE244A263C00EF3654 /* TextFieldProjectTests */ = {
			isa = PBXGroup;
			children = (
				3E9355E5244D4F4900F70D93 /* CurrencyTests */,
				3E2902DF244A263C00EF3654 /* TextFieldProjectTests.swift */,
				3E2902E1244A263C00EF3654 /* Info.plist */,
			);
			path = TextFieldProjectTests;
			sourceTree = "<group>";
		};
		3E2902E9244A263D00EF3654 /* TextFieldProjectUITests */ = {
			isa = PBXGroup;
			children = (
				3E2902EA244A263D00EF3654 /* TextFieldProjectUITests.swift */,
				3E2902EC244A263D00EF3654 /* Info.plist */,
			);
			path = TextFieldProjectUITests;
			sourceTree = "<group>";
		};
		3E2902F8244B7C3A00EF3654 /* TextField */ = {
			isa = PBXGroup;
			children = (
				3E2902F9244B7C6A00EF3654 /* CustomInputTextField.swift */,
				3E2902FB244B985400EF3654 /* TextFieldType.swift */,
				3E2902FD244B9C5D00EF3654 /* Currency.swift */,
				3E2902FF244B9CE900EF3654 /* Percentage.swift */,
				3E290301244B9D3200EF3654 /* Email.swift */,
				3E290303244B9D7400EF3654 /* Password.swift */,
				3E290307244B9FAC00EF3654 /* Currencies.swift */,
				3E290309244C186000EF3654 /* CurrenciesProtocol.swift */,
				3E29030B244C500A00EF3654 /* CustomNumberFormatter.swift */,
			);
			path = TextField;
			sourceTree = "<group>";
		};
		3E9355E5244D4F4900F70D93 /* CurrencyTests */ = {
			isa = PBXGroup;
			children = (
				3E9355E6244D4F8700F70D93 /* usdCurrencyTest.swift */,
			);
			path = CurrencyTests;
			sourceTree = "<group>";
		};
/* End PBXGroup section */

/* Begin PBXNativeTarget section */
		3E2902C1244A263800EF3654 /* TextFieldProject */ = {
			isa = PBXNativeTarget;
			buildConfigurationList = 3E2902EF244A263D00EF3654 /* Build configuration list for PBXNativeTarget "TextFieldProject" */;
			buildPhases = (
				3E2902BE244A263800EF3654 /* Sources */,
				3E2902BF244A263800EF3654 /* Frameworks */,
				3E2902C0244A263800EF3654 /* Resources */,
			);
			buildRules = (
			);
			dependencies = (
			);
			name = TextFieldProject;
			productName = TextFieldProject;
			productReference = 3E2902C2244A263800EF3654 /* TextFieldProject.app */;
			productType = "com.apple.product-type.application";
		};
		3E2902DA244A263C00EF3654 /* TextFieldProjectTests */ = {
			isa = PBXNativeTarget;
			buildConfigurationList = 3E2902F2244A263D00EF3654 /* Build configuration list for PBXNativeTarget "TextFieldProjectTests" */;
			buildPhases = (
				3E2902D7244A263C00EF3654 /* Sources */,
				3E2902D8244A263C00EF3654 /* Frameworks */,
				3E2902D9244A263C00EF3654 /* Resources */,
			);
			buildRules = (
			);
			dependencies = (
				3E2902DD244A263C00EF3654 /* PBXTargetDependency */,
			);
			name = TextFieldProjectTests;
			productName = TextFieldProjectTests;
			productReference = 3E2902DB244A263C00EF3654 /* TextFieldProjectTests.xctest */;
			productType = "com.apple.product-type.bundle.unit-test";
		};
		3E2902E5244A263D00EF3654 /* TextFieldProjectUITests */ = {
			isa = PBXNativeTarget;
			buildConfigurationList = 3E2902F5244A263D00EF3654 /* Build configuration list for PBXNativeTarget "TextFieldProjectUITests" */;
			buildPhases = (
				3E2902E2244A263D00EF3654 /* Sources */,
				3E2902E3244A263D00EF3654 /* Frameworks */,
				3E2902E4244A263D00EF3654 /* Resources */,
			);
			buildRules = (
			);
			dependencies = (
				3E2902E8244A263D00EF3654 /* PBXTargetDependency */,
			);
			name = TextFieldProjectUITests;
			productName = TextFieldProjectUITests;
			productReference = 3E2902E6244A263D00EF3654 /* TextFieldProjectUITests.xctest */;
			productType = "com.apple.product-type.bundle.ui-testing";
		};
/* End PBXNativeTarget section */

/* Begin PBXProject section */
		3E2902BA244A263800EF3654 /* Project object */ = {
			isa = PBXProject;
			attributes = {
				LastSwiftUpdateCheck = 1120;
				LastUpgradeCheck = 1120;
				ORGANIZATIONNAME = TaskHackers;
				TargetAttributes = {
					3E2902C1244A263800EF3654 = {
						CreatedOnToolsVersion = 11.2.1;
					};
					3E2902DA244A263C00EF3654 = {
						CreatedOnToolsVersion = 11.2.1;
						TestTargetID = 3E2902C1244A263800EF3654;
					};
					3E2902E5244A263D00EF3654 = {
						CreatedOnToolsVersion = 11.2.1;
						TestTargetID = 3E2902C1244A263800EF3654;
					};
				};
			};
			buildConfigurationList = 3E2902BD244A263800EF3654 /* Build configuration list for PBXProject "TextFieldProject" */;
			compatibilityVersion = "Xcode 9.3";
			developmentRegion = en;
			hasScannedForEncodings = 0;
			knownRegions = (
				en,
				Base,
			);
			mainGroup = 3E2902B9244A263800EF3654;
			productRefGroup = 3E2902C3244A263800EF3654 /* Products */;
			projectDirPath = "";
			projectRoot = "";
			targets = (
				3E2902C1244A263800EF3654 /* TextFieldProject */,
				3E2902DA244A263C00EF3654 /* TextFieldProjectTests */,
				3E2902E5244A263D00EF3654 /* TextFieldProjectUITests */,
			);
		};
/* End PBXProject section */

/* Begin PBXResourcesBuildPhase section */
		3E2902C0244A263800EF3654 /* Resources */ = {
			isa = PBXResourcesBuildPhase;
			buildActionMask = 2147483647;
			files = (
				3E2902D5244A263C00EF3654 /* LaunchScreen.storyboard in Resources */,
				3E2902D2244A263C00EF3654 /* Assets.xcassets in Resources */,
				3E2902CD244A263900EF3654 /* Main.storyboard in Resources */,
			);
			runOnlyForDeploymentPostprocessing = 0;
		};
		3E2902D9244A263C00EF3654 /* Resources */ = {
			isa = PBXResourcesBuildPhase;
			buildActionMask = 2147483647;
			files = (
			);
			runOnlyForDeploymentPostprocessing = 0;
		};
		3E2902E4244A263D00EF3654 /* Resources */ = {
			isa = PBXResourcesBuildPhase;
			buildActionMask = 2147483647;
			files = (
			);
			runOnlyForDeploymentPostprocessing = 0;
		};
/* End PBXResourcesBuildPhase section */

/* Begin PBXSourcesBuildPhase section */
		3E2902BE244A263800EF3654 /* Sources */ = {
			isa = PBXSourcesBuildPhase;
			buildActionMask = 2147483647;
			files = (
				3E29030A244C186000EF3654 /* CurrenciesProtocol.swift in Sources */,
				3E2902CA244A263900EF3654 /* ViewController.swift in Sources */,
				3E29030C244C500A00EF3654 /* CustomNumberFormatter.swift in Sources */,
				3E290300244B9CE900EF3654 /* Percentage.swift in Sources */,
				3E2902FC244B985400EF3654 /* TextFieldType.swift in Sources */,
				3E2902D0244A263900EF3654 /* TextFieldProject.xcdatamodeld in Sources */,
				3E2902C6244A263800EF3654 /* AppDelegate.swift in Sources */,
				3E290308244B9FAC00EF3654 /* Currencies.swift in Sources */,
				3E290302244B9D3200EF3654 /* Email.swift in Sources */,
				3E2902FA244B7C6A00EF3654 /* CustomInputTextField.swift in Sources */,
				3E2902FE244B9C5D00EF3654 /* Currency.swift in Sources */,
				3E290304244B9D7400EF3654 /* Password.swift in Sources */,
				3E2902C8244A263800EF3654 /* SceneDelegate.swift in Sources */,
			);
			runOnlyForDeploymentPostprocessing = 0;
		};
		3E2902D7244A263C00EF3654 /* Sources */ = {
			isa = PBXSourcesBuildPhase;
			buildActionMask = 2147483647;
			files = (
				3E2902E0244A263C00EF3654 /* TextFieldProjectTests.swift in Sources */,
				3E9355E7244D4F8700F70D93 /* usdCurrencyTest.swift in Sources */,
			);
			runOnlyForDeploymentPostprocessing = 0;
		};
		3E2902E2244A263D00EF3654 /* Sources */ = {
			isa = PBXSourcesBuildPhase;
			buildActionMask = 2147483647;
			files = (
				3E2902EB244A263D00EF3654 /* TextFieldProjectUITests.swift in Sources */,
			);
			runOnlyForDeploymentPostprocessing = 0;
		};
/* End PBXSourcesBuildPhase section */

/* Begin PBXTargetDependency section */
		3E2902DD244A263C00EF3654 /* PBXTargetDependency */ = {
			isa = PBXTargetDependency;
			target = 3E2902C1244A263800EF3654 /* TextFieldProject */;
			targetProxy = 3E2902DC244A263C00EF3654 /* PBXContainerItemProxy */;
		};
		3E2902E8244A263D00EF3654 /* PBXTargetDependency */ = {
			isa = PBXTargetDependency;
			target = 3E2902C1244A263800EF3654 /* TextFieldProject */;
			targetProxy = 3E2902E7244A263D00EF3654 /* PBXContainerItemProxy */;
		};
/* End PBXTargetDependency section */

/* Begin PBXVariantGroup section */
		3E2902CB244A263900EF3654 /* Main.storyboard */ = {
			isa = PBXVariantGroup;
			children = (
				3E2902CC244A263900EF3654 /* Base */,
			);
			name = Main.storyboard;
			sourceTree = "<group>";
		};
		3E2902D3244A263C00EF3654 /* LaunchScreen.storyboard */ = {
			isa = PBXVariantGroup;
			children = (
				3E2902D4244A263C00EF3654 /* Base */,
			);
			name = LaunchScreen.storyboard;
			sourceTree = "<group>";
		};
/* End PBXVariantGroup section */

/* Begin XCBuildConfiguration section */
		3E2902ED244A263D00EF3654 /* Debug */ = {
			isa = XCBuildConfiguration;
			buildSettings = {
				ALWAYS_SEARCH_USER_PATHS = NO;
				CLANG_ANALYZER_NONNULL = YES;
				CLANG_ANALYZER_NUMBER_OBJECT_CONVERSION = YES_AGGRESSIVE;
				CLANG_CXX_LANGUAGE_STANDARD = "gnu++14";
				CLANG_CXX_LIBRARY = "libc++";
				CLANG_ENABLE_MODULES = YES;
				CLANG_ENABLE_OBJC_ARC = YES;
				CLANG_ENABLE_OBJC_WEAK = YES;
				CLANG_WARN_BLOCK_CAPTURE_AUTORELEASING = YES;
				CLANG_WARN_BOOL_CONVERSION = YES;
				CLANG_WARN_COMMA = YES;
				CLANG_WARN_CONSTANT_CONVERSION = YES;
				CLANG_WARN_DEPRECATED_OBJC_IMPLEMENTATIONS = YES;
				CLANG_WARN_DIRECT_OBJC_ISA_USAGE = YES_ERROR;
				CLANG_WARN_DOCUMENTATION_COMMENTS = YES;
				CLANG_WARN_EMPTY_BODY = YES;
				CLANG_WARN_ENUM_CONVERSION = YES;
				CLANG_WARN_INFINITE_RECURSION = YES;
				CLANG_WARN_INT_CONVERSION = YES;
				CLANG_WARN_NON_LITERAL_NULL_CONVERSION = YES;
				CLANG_WARN_OBJC_IMPLICIT_RETAIN_SELF = YES;
				CLANG_WARN_OBJC_LITERAL_CONVERSION = YES;
				CLANG_WARN_OBJC_ROOT_CLASS = YES_ERROR;
				CLANG_WARN_RANGE_LOOP_ANALYSIS = YES;
				CLANG_WARN_STRICT_PROTOTYPES = YES;
				CLANG_WARN_SUSPICIOUS_MOVE = YES;
				CLANG_WARN_UNGUARDED_AVAILABILITY = YES_AGGRESSIVE;
				CLANG_WARN_UNREACHABLE_CODE = YES;
				CLANG_WARN__DUPLICATE_METHOD_MATCH = YES;
				COPY_PHASE_STRIP = NO;
				DEBUG_INFORMATION_FORMAT = dwarf;
				ENABLE_STRICT_OBJC_MSGSEND = YES;
				ENABLE_TESTABILITY = YES;
				GCC_C_LANGUAGE_STANDARD = gnu11;
				GCC_DYNAMIC_NO_PIC = NO;
				GCC_NO_COMMON_BLOCKS = YES;
				GCC_OPTIMIZATION_LEVEL = 0;
				GCC_PREPROCESSOR_DEFINITIONS = (
					"DEBUG=1",
					"$(inherited)",
				);
				GCC_WARN_64_TO_32_BIT_CONVERSION = YES;
				GCC_WARN_ABOUT_RETURN_TYPE = YES_ERROR;
				GCC_WARN_UNDECLARED_SELECTOR = YES;
				GCC_WARN_UNINITIALIZED_AUTOS = YES_AGGRESSIVE;
				GCC_WARN_UNUSED_FUNCTION = YES;
				GCC_WARN_UNUSED_VARIABLE = YES;
				IPHONEOS_DEPLOYMENT_TARGET = 13.2;
				MTL_ENABLE_DEBUG_INFO = INCLUDE_SOURCE;
				MTL_FAST_MATH = YES;
				ONLY_ACTIVE_ARCH = YES;
				SDKROOT = iphoneos;
				SWIFT_ACTIVE_COMPILATION_CONDITIONS = DEBUG;
				SWIFT_OPTIMIZATION_LEVEL = "-Onone";
			};
			name = Debug;
		};
		3E2902EE244A263D00EF3654 /* Release */ = {
			isa = XCBuildConfiguration;
			buildSettings = {
				ALWAYS_SEARCH_USER_PATHS = NO;
				CLANG_ANALYZER_NONNULL = YES;
				CLANG_ANALYZER_NUMBER_OBJECT_CONVERSION = YES_AGGRESSIVE;
				CLANG_CXX_LANGUAGE_STANDARD = "gnu++14";
				CLANG_CXX_LIBRARY = "libc++";
				CLANG_ENABLE_MODULES = YES;
				CLANG_ENABLE_OBJC_ARC = YES;
				CLANG_ENABLE_OBJC_WEAK = YES;
				CLANG_WARN_BLOCK_CAPTURE_AUTORELEASING = YES;
				CLANG_WARN_BOOL_CONVERSION = YES;
				CLANG_WARN_COMMA = YES;
				CLANG_WARN_CONSTANT_CONVERSION = YES;
				CLANG_WARN_DEPRECATED_OBJC_IMPLEMENTATIONS = YES;
				CLANG_WARN_DIRECT_OBJC_ISA_USAGE = YES_ERROR;
				CLANG_WARN_DOCUMENTATION_COMMENTS = YES;
				CLANG_WARN_EMPTY_BODY = YES;
				CLANG_WARN_ENUM_CONVERSION = YES;
				CLANG_WARN_INFINITE_RECURSION = YES;
				CLANG_WARN_INT_CONVERSION = YES;
				CLANG_WARN_NON_LITERAL_NULL_CONVERSION = YES;
				CLANG_WARN_OBJC_IMPLICIT_RETAIN_SELF = YES;
				CLANG_WARN_OBJC_LITERAL_CONVERSION = YES;
				CLANG_WARN_OBJC_ROOT_CLASS = YES_ERROR;
				CLANG_WARN_RANGE_LOOP_ANALYSIS = YES;
				CLANG_WARN_STRICT_PROTOTYPES = YES;
				CLANG_WARN_SUSPICIOUS_MOVE = YES;
				CLANG_WARN_UNGUARDED_AVAILABILITY = YES_AGGRESSIVE;
				CLANG_WARN_UNREACHABLE_CODE = YES;
				CLANG_WARN__DUPLICATE_METHOD_MATCH = YES;
				COPY_PHASE_STRIP = NO;
				DEBUG_INFORMATION_FORMAT = "dwarf-with-dsym";
				ENABLE_NS_ASSERTIONS = NO;
				ENABLE_STRICT_OBJC_MSGSEND = YES;
				GCC_C_LANGUAGE_STANDARD = gnu11;
				GCC_NO_COMMON_BLOCKS = YES;
				GCC_WARN_64_TO_32_BIT_CONVERSION = YES;
				GCC_WARN_ABOUT_RETURN_TYPE = YES_ERROR;
				GCC_WARN_UNDECLARED_SELECTOR = YES;
				GCC_WARN_UNINITIALIZED_AUTOS = YES_AGGRESSIVE;
				GCC_WARN_UNUSED_FUNCTION = YES;
				GCC_WARN_UNUSED_VARIABLE = YES;
				IPHONEOS_DEPLOYMENT_TARGET = 13.2;
				MTL_ENABLE_DEBUG_INFO = NO;
				MTL_FAST_MATH = YES;
				SDKROOT = iphoneos;
				SWIFT_COMPILATION_MODE = wholemodule;
				SWIFT_OPTIMIZATION_LEVEL = "-O";
				VALIDATE_PRODUCT = YES;
			};
			name = Release;
		};
		3E2902F0244A263D00EF3654 /* Debug */ = {
			isa = XCBuildConfiguration;
			buildSettings = {
				ASSETCATALOG_COMPILER_APPICON_NAME = AppIcon;
				CODE_SIGN_STYLE = Automatic;
				DEVELOPMENT_TEAM = U8M84SE4ND;
				INFOPLIST_FILE = TextFieldProject/Info.plist;
				LD_RUNPATH_SEARCH_PATHS = (
					"$(inherited)",
					"@executable_path/Frameworks",
				);
				PRODUCT_BUNDLE_IDENTIFIER = TaskHackers.TextFieldProject;
				PRODUCT_NAME = "$(TARGET_NAME)";
				SWIFT_VERSION = 5.0;
				TARGETED_DEVICE_FAMILY = "1,2";
			};
			name = Debug;
		};
		3E2902F1244A263D00EF3654 /* Release */ = {
			isa = XCBuildConfiguration;
			buildSettings = {
				ASSETCATALOG_COMPILER_APPICON_NAME = AppIcon;
				CODE_SIGN_STYLE = Automatic;
				DEVELOPMENT_TEAM = U8M84SE4ND;
				INFOPLIST_FILE = TextFieldProject/Info.plist;
				LD_RUNPATH_SEARCH_PATHS = (
					"$(inherited)",
					"@executable_path/Frameworks",
				);
				PRODUCT_BUNDLE_IDENTIFIER = TaskHackers.TextFieldProject;
				PRODUCT_NAME = "$(TARGET_NAME)";
				SWIFT_VERSION = 5.0;
				TARGETED_DEVICE_FAMILY = "1,2";
			};
			name = Release;
		};
		3E2902F3244A263D00EF3654 /* Debug */ = {
			isa = XCBuildConfiguration;
			buildSettings = {
				ALWAYS_EMBED_SWIFT_STANDARD_LIBRARIES = YES;
				BUNDLE_LOADER = "$(TEST_HOST)";
				CODE_SIGN_STYLE = Automatic;
				DEVELOPMENT_TEAM = U8M84SE4ND;
				INFOPLIST_FILE = TextFieldProjectTests/Info.plist;
				IPHONEOS_DEPLOYMENT_TARGET = 13.2;
				LD_RUNPATH_SEARCH_PATHS = (
					"$(inherited)",
					"@executable_path/Frameworks",
					"@loader_path/Frameworks",
				);
				PRODUCT_BUNDLE_IDENTIFIER = TaskHackers.TextFieldProjectTests;
				PRODUCT_NAME = "$(TARGET_NAME)";
				SWIFT_VERSION = 5.0;
				TARGETED_DEVICE_FAMILY = "1,2";
				TEST_HOST = "$(BUILT_PRODUCTS_DIR)/TextFieldProject.app/TextFieldProject";
			};
			name = Debug;
		};
		3E2902F4244A263D00EF3654 /* Release */ = {
			isa = XCBuildConfiguration;
			buildSettings = {
				ALWAYS_EMBED_SWIFT_STANDARD_LIBRARIES = YES;
				BUNDLE_LOADER = "$(TEST_HOST)";
				CODE_SIGN_STYLE = Automatic;
				DEVELOPMENT_TEAM = U8M84SE4ND;
				INFOPLIST_FILE = TextFieldProjectTests/Info.plist;
				IPHONEOS_DEPLOYMENT_TARGET = 13.2;
				LD_RUNPATH_SEARCH_PATHS = (
					"$(inherited)",
					"@executable_path/Frameworks",
					"@loader_path/Frameworks",
				);
				PRODUCT_BUNDLE_IDENTIFIER = TaskHackers.TextFieldProjectTests;
				PRODUCT_NAME = "$(TARGET_NAME)";
				SWIFT_VERSION = 5.0;
				TARGETED_DEVICE_FAMILY = "1,2";
				TEST_HOST = "$(BUILT_PRODUCTS_DIR)/TextFieldProject.app/TextFieldProject";
			};
			name = Release;
		};
		3E2902F6244A263D00EF3654 /* Debug */ = {
			isa = XCBuildConfiguration;
			buildSettings = {
				ALWAYS_EMBED_SWIFT_STANDARD_LIBRARIES = YES;
				CODE_SIGN_STYLE = Automatic;
				DEVELOPMENT_TEAM = U8M84SE4ND;
				INFOPLIST_FILE = TextFieldProjectUITests/Info.plist;
				LD_RUNPATH_SEARCH_PATHS = (
					"$(inherited)",
					"@executable_path/Frameworks",
					"@loader_path/Frameworks",
				);
				PRODUCT_BUNDLE_IDENTIFIER = TaskHackers.TextFieldProjectUITests;
				PRODUCT_NAME = "$(TARGET_NAME)";
				SWIFT_VERSION = 5.0;
				TARGETED_DEVICE_FAMILY = "1,2";
				TEST_TARGET_NAME = TextFieldProject;
			};
			name = Debug;
		};
		3E2902F7244A263D00EF3654 /* Release */ = {
			isa = XCBuildConfiguration;
			buildSettings = {
				ALWAYS_EMBED_SWIFT_STANDARD_LIBRARIES = YES;
				CODE_SIGN_STYLE = Automatic;
				DEVELOPMENT_TEAM = U8M84SE4ND;
				INFOPLIST_FILE = TextFieldProjectUITests/Info.plist;
				LD_RUNPATH_SEARCH_PATHS = (
					"$(inherited)",
					"@executable_path/Frameworks",
					"@loader_path/Frameworks",
				);
				PRODUCT_BUNDLE_IDENTIFIER = TaskHackers.TextFieldProjectUITests;
				PRODUCT_NAME = "$(TARGET_NAME)";
				SWIFT_VERSION = 5.0;
				TARGETED_DEVICE_FAMILY = "1,2";
				TEST_TARGET_NAME = TextFieldProject;
			};
			name = Release;
		};
/* End XCBuildConfiguration section */

/* Begin XCConfigurationList section */
		3E2902BD244A263800EF3654 /* Build configuration list for PBXProject "TextFieldProject" */ = {
			isa = XCConfigurationList;
			buildConfigurations = (
				3E2902ED244A263D00EF3654 /* Debug */,
				3E2902EE244A263D00EF3654 /* Release */,
			);
			defaultConfigurationIsVisible = 0;
			defaultConfigurationName = Release;
		};
		3E2902EF244A263D00EF3654 /* Build configuration list for PBXNativeTarget "TextFieldProject" */ = {
			isa = XCConfigurationList;
			buildConfigurations = (
				3E2902F0244A263D00EF3654 /* Debug */,
				3E2902F1244A263D00EF3654 /* Release */,
			);
			defaultConfigurationIsVisible = 0;
			defaultConfigurationName = Release;
		};
		3E2902F2244A263D00EF3654 /* Build configuration list for PBXNativeTarget "TextFieldProjectTests" */ = {
			isa = XCConfigurationList;
			buildConfigurations = (
				3E2902F3244A263D00EF3654 /* Debug */,
				3E2902F4244A263D00EF3654 /* Release */,
			);
			defaultConfigurationIsVisible = 0;
			defaultConfigurationName = Release;
		};
		3E2902F5244A263D00EF3654 /* Build configuration list for PBXNativeTarget "TextFieldProjectUITests" */ = {
			isa = XCConfigurationList;
			buildConfigurations = (
				3E2902F6244A263D00EF3654 /* Debug */,
				3E2902F7244A263D00EF3654 /* Release */,
			);
			defaultConfigurationIsVisible = 0;
			defaultConfigurationName = Release;
		};
/* End XCConfigurationList section */

/* Begin XCVersionGroup section */
		3E2902CE244A263900EF3654 /* TextFieldProject.xcdatamodeld */ = {
			isa = XCVersionGroup;
			children = (
				3E2902CF244A263900EF3654 /* TextFieldProject.xcdatamodel */,
			);
			currentVersion = 3E2902CF244A263900EF3654 /* TextFieldProject.xcdatamodel */;
			path = TextFieldProject.xcdatamodeld;
			sourceTree = "<group>";
			versionGroupType = wrapper.xcdatamodel;
		};
/* End XCVersionGroup section */
	};
	rootObject = 3E2902BA244A263800EF3654 /* Project object */;
}
